// !$*UTF8*$!
{
	archiveVersion = 1;
	classes = {
	};
	objectVersion = 56;
	objects = {

/* Begin PBXBuildFile section */
		9B7F0AB72A2DBEBA000A63F8 /* Telegram_Dynamic_IslandApp.swift in Sources */ = {isa = PBXBuildFile; fileRef = 9B7F0AB62A2DBEBA000A63F8 /* Telegram_Dynamic_IslandApp.swift */; };
		9B7F0AB92A2DBEBA000A63F8 /* ContentView.swift in Sources */ = {isa = PBXBuildFile; fileRef = 9B7F0AB82A2DBEBA000A63F8 /* ContentView.swift */; };
		9B7F0ABB2A2DBEBB000A63F8 /* Assets.xcassets in Resources */ = {isa = PBXBuildFile; fileRef = 9B7F0ABA2A2DBEBB000A63F8 /* Assets.xcassets */; };
		9B7F0ABE2A2DBEBB000A63F8 /* Preview Assets.xcassets in Resources */ = {isa = PBXBuildFile; fileRef = 9B7F0ABD2A2DBEBB000A63F8 /* Preview Assets.xcassets */; };
		9B7F0AC82A2DBEBB000A63F8 /* Telegram_Dynamic_IslandTests.swift in Sources */ = {isa = PBXBuildFile; fileRef = 9B7F0AC72A2DBEBB000A63F8 /* Telegram_Dynamic_IslandTests.swift */; };
		9B7F0AD22A2DBEBB000A63F8 /* Telegram_Dynamic_IslandUITests.swift in Sources */ = {isa = PBXBuildFile; fileRef = 9B7F0AD12A2DBEBB000A63F8 /* Telegram_Dynamic_IslandUITests.swift */; };
		9B7F0AD42A2DBEBB000A63F8 /* Telegram_Dynamic_IslandUITestsLaunchTests.swift in Sources */ = {isa = PBXBuildFile; fileRef = 9B7F0AD32A2DBEBB000A63F8 /* Telegram_Dynamic_IslandUITestsLaunchTests.swift */; };
		9B7F0AE22A2DC1D2000A63F8 /* OffsetHelper.swift in Sources */ = {isa = PBXBuildFile; fileRef = 9B7F0AE12A2DC1D2000A63F8 /* OffsetHelper.swift */; };
		9B7F0AE42A2DC240000A63F8 /* Home.swift in Sources */ = {isa = PBXBuildFile; fileRef = 9B7F0AE32A2DC240000A63F8 /* Home.swift */; };
		9B7F0AE62A2DC5DB000A63F8 /* AnchorKey.swift in Sources */ = {isa = PBXBuildFile; fileRef = 9B7F0AE52A2DC5DB000A63F8 /* AnchorKey.swift */; };
		9B7F0B292A2DE66D000A63F8 /* Colors.swift in Sources */ = {isa = PBXBuildFile; fileRef = 9B7F0B282A2DE66D000A63F8 /* Colors.swift */; };
/* End PBXBuildFile section */

/* Begin PBXContainerItemProxy section */
		9B7F0AC42A2DBEBB000A63F8 /* PBXContainerItemProxy */ = {
			isa = PBXContainerItemProxy;
			containerPortal = 9B7F0AAB2A2DBEBA000A63F8 /* Project object */;
			proxyType = 1;
			remoteGlobalIDString = 9B7F0AB22A2DBEBA000A63F8;
			remoteInfo = "Telegram Dynamic Island";
		};
		9B7F0ACE2A2DBEBB000A63F8 /* PBXContainerItemProxy */ = {
			isa = PBXContainerItemProxy;
			containerPortal = 9B7F0AAB2A2DBEBA000A63F8 /* Project object */;
			proxyType = 1;
			remoteGlobalIDString = 9B7F0AB22A2DBEBA000A63F8;
			remoteInfo = "Telegram Dynamic Island";
		};
/* End PBXContainerItemProxy section */

/* Begin PBXFileReference section */
		9B7F0AB32A2DBEBA000A63F8 /* Telegram Dynamic Island.app */ = {isa = PBXFileReference; explicitFileType = wrapper.application; includeInIndex = 0; path = "Telegram Dynamic Island.app"; sourceTree = BUILT_PRODUCTS_DIR; };
		9B7F0AB62A2DBEBA000A63F8 /* Telegram_Dynamic_IslandApp.swift */ = {isa = PBXFileReference; lastKnownFileType = sourcecode.swift; path = Telegram_Dynamic_IslandApp.swift; sourceTree = "<group>"; };
		9B7F0AB82A2DBEBA000A63F8 /* ContentView.swift */ = {isa = PBXFileReference; lastKnownFileType = sourcecode.swift; path = ContentView.swift; sourceTree = "<group>"; };
		9B7F0ABA2A2DBEBB000A63F8 /* Assets.xcassets */ = {isa = PBXFileReference; lastKnownFileType = folder.assetcatalog; path = Assets.xcassets; sourceTree = "<group>"; };
		9B7F0ABD2A2DBEBB000A63F8 /* Preview Assets.xcassets */ = {isa = PBXFileReference; lastKnownFileType = folder.assetcatalog; path = "Preview Assets.xcassets"; sourceTree = "<group>"; };
		9B7F0AC32A2DBEBB000A63F8 /* Telegram Dynamic IslandTests.xctest */ = {isa = PBXFileReference; explicitFileType = wrapper.cfbundle; includeInIndex = 0; path = "Telegram Dynamic IslandTests.xctest"; sourceTree = BUILT_PRODUCTS_DIR; };
		9B7F0AC72A2DBEBB000A63F8 /* Telegram_Dynamic_IslandTests.swift */ = {isa = PBXFileReference; lastKnownFileType = sourcecode.swift; path = Telegram_Dynamic_IslandTests.swift; sourceTree = "<group>"; };
		9B7F0ACD2A2DBEBB000A63F8 /* Telegram Dynamic IslandUITests.xctest */ = {isa = PBXFileReference; explicitFileType = wrapper.cfbundle; includeInIndex = 0; path = "Telegram Dynamic IslandUITests.xctest"; sourceTree = BUILT_PRODUCTS_DIR; };
		9B7F0AD12A2DBEBB000A63F8 /* Telegram_Dynamic_IslandUITests.swift */ = {isa = PBXFileReference; lastKnownFileType = sourcecode.swift; path = Telegram_Dynamic_IslandUITests.swift; sourceTree = "<group>"; };
		9B7F0AD32A2DBEBB000A63F8 /* Telegram_Dynamic_IslandUITestsLaunchTests.swift */ = {isa = PBXFileReference; lastKnownFileType = sourcecode.swift; path = Telegram_Dynamic_IslandUITestsLaunchTests.swift; sourceTree = "<group>"; };
		9B7F0AE12A2DC1D2000A63F8 /* OffsetHelper.swift */ = {isa = PBXFileReference; lastKnownFileType = sourcecode.swift; path = OffsetHelper.swift; sourceTree = "<group>"; };
		9B7F0AE32A2DC240000A63F8 /* Home.swift */ = {isa = PBXFileReference; lastKnownFileType = sourcecode.swift; path = Home.swift; sourceTree = "<group>"; };
		9B7F0AE52A2DC5DB000A63F8 /* AnchorKey.swift */ = {isa = PBXFileReference; lastKnownFileType = sourcecode.swift; path = AnchorKey.swift; sourceTree = "<group>"; };
		9B7F0B282A2DE66D000A63F8 /* Colors.swift */ = {isa = PBXFileReference; lastKnownFileType = sourcecode.swift; path = Colors.swift; sourceTree = "<group>"; };
/* End PBXFileReference section */

/* Begin PBXFrameworksBuildPhase section */
		9B7F0AB02A2DBEBA000A63F8 /* Frameworks */ = {
			isa = PBXFrameworksBuildPhase;
			buildActionMask = 2147483647;
			files = (
			);
			runOnlyForDeploymentPostprocessing = 0;
		};
		9B7F0AC02A2DBEBB000A63F8 /* Frameworks */ = {
			isa = PBXFrameworksBuildPhase;
			buildActionMask = 2147483647;
			files = (
			);
			runOnlyForDeploymentPostprocessing = 0;
		};
		9B7F0ACA2A2DBEBB000A63F8 /* Frameworks */ = {
			isa = PBXFrameworksBuildPhase;
			buildActionMask = 2147483647;
			files = (
			);
			runOnlyForDeploymentPostprocessing = 0;
		};
/* End PBXFrameworksBuildPhase section */

/* Begin PBXGroup section */
		9B7F0AAA2A2DBEBA000A63F8 = {
			isa = PBXGroup;
			children = (
				9B7F0AB52A2DBEBA000A63F8 /* Telegram Dynamic Island */,
				9B7F0AC62A2DBEBB000A63F8 /* Telegram Dynamic IslandTests */,
				9B7F0AD02A2DBEBB000A63F8 /* Telegram Dynamic IslandUITests */,
				9B7F0AB42A2DBEBA000A63F8 /* Products */,
			);
			sourceTree = "<group>";
		};
		9B7F0AB42A2DBEBA000A63F8 /* Products */ = {
			isa = PBXGroup;
			children = (
				9B7F0AB32A2DBEBA000A63F8 /* Telegram Dynamic Island.app */,
				9B7F0AC32A2DBEBB000A63F8 /* Telegram Dynamic IslandTests.xctest */,
				9B7F0ACD2A2DBEBB000A63F8 /* Telegram Dynamic IslandUITests.xctest */,
			);
			name = Products;
			sourceTree = "<group>";
		};
		9B7F0AB52A2DBEBA000A63F8 /* Telegram Dynamic Island */ = {
			isa = PBXGroup;
			children = (
				9B7F0AE02A2DC1C6000A63F8 /* Helpers */,
				9B7F0AB62A2DBEBA000A63F8 /* Telegram_Dynamic_IslandApp.swift */,
				9B7F0AB82A2DBEBA000A63F8 /* ContentView.swift */,
				9B7F0ABA2A2DBEBB000A63F8 /* Assets.xcassets */,
				9B7F0ABC2A2DBEBB000A63F8 /* Preview Content */,
				9B7F0AE32A2DC240000A63F8 /* Home.swift */,
			);
			path = "Telegram Dynamic Island";
			sourceTree = "<group>";
		};
		9B7F0ABC2A2DBEBB000A63F8 /* Preview Content */ = {
			isa = PBXGroup;
			children = (
				9B7F0ABD2A2DBEBB000A63F8 /* Preview Assets.xcassets */,
			);
			path = "Preview Content";
			sourceTree = "<group>";
		};
		9B7F0AC62A2DBEBB000A63F8 /* Telegram Dynamic IslandTests */ = {
			isa = PBXGroup;
			children = (
				9B7F0AC72A2DBEBB000A63F8 /* Telegram_Dynamic_IslandTests.swift */,
			);
			path = "Telegram Dynamic IslandTests";
			sourceTree = "<group>";
		};
		9B7F0AD02A2DBEBB000A63F8 /* Telegram Dynamic IslandUITests */ = {
			isa = PBXGroup;
			children = (
				9B7F0AD12A2DBEBB000A63F8 /* Telegram_Dynamic_IslandUITests.swift */,
				9B7F0AD32A2DBEBB000A63F8 /* Telegram_Dynamic_IslandUITestsLaunchTests.swift */,
			);
			path = "Telegram Dynamic IslandUITests";
			sourceTree = "<group>";
		};
		9B7F0AE02A2DC1C6000A63F8 /* Helpers */ = {
			isa = PBXGroup;
			children = (
				9B7F0AE12A2DC1D2000A63F8 /* OffsetHelper.swift */,
				9B7F0AE52A2DC5DB000A63F8 /* AnchorKey.swift */,
				9B7F0B282A2DE66D000A63F8 /* Colors.swift */,
			);
			path = Helpers;
			sourceTree = "<group>";
		};
/* End PBXGroup section */

/* Begin PBXNativeTarget section */
		9B7F0AB22A2DBEBA000A63F8 /* Telegram Dynamic Island */ = {
			isa = PBXNativeTarget;
			buildConfigurationList = 9B7F0AD72A2DBEBB000A63F8 /* Build configuration list for PBXNativeTarget "Telegram Dynamic Island" */;
			buildPhases = (
				9B7F0AAF2A2DBEBA000A63F8 /* Sources */,
				9B7F0AB02A2DBEBA000A63F8 /* Frameworks */,
				9B7F0AB12A2DBEBA000A63F8 /* Resources */,
			);
			buildRules = (
			);
			dependencies = (
			);
			name = "Telegram Dynamic Island";
			productName = "Telegram Dynamic Island";
			productReference = 9B7F0AB32A2DBEBA000A63F8 /* Telegram Dynamic Island.app */;
			productType = "com.apple.product-type.application";
		};
		9B7F0AC22A2DBEBB000A63F8 /* Telegram Dynamic IslandTests */ = {
			isa = PBXNativeTarget;
			buildConfigurationList = 9B7F0ADA2A2DBEBB000A63F8 /* Build configuration list for PBXNativeTarget "Telegram Dynamic IslandTests" */;
			buildPhases = (
				9B7F0ABF2A2DBEBB000A63F8 /* Sources */,
				9B7F0AC02A2DBEBB000A63F8 /* Frameworks */,
				9B7F0AC12A2DBEBB000A63F8 /* Resources */,
			);
			buildRules = (
			);
			dependencies = (
				9B7F0AC52A2DBEBB000A63F8 /* PBXTargetDependency */,
			);
			name = "Telegram Dynamic IslandTests";
			productName = "Telegram Dynamic IslandTests";
			productReference = 9B7F0AC32A2DBEBB000A63F8 /* Telegram Dynamic IslandTests.xctest */;
			productType = "com.apple.product-type.bundle.unit-test";
		};
		9B7F0ACC2A2DBEBB000A63F8 /* Telegram Dynamic IslandUITests */ = {
			isa = PBXNativeTarget;
			buildConfigurationList = 9B7F0ADD2A2DBEBB000A63F8 /* Build configuration list for PBXNativeTarget "Telegram Dynamic IslandUITests" */;
			buildPhases = (
				9B7F0AC92A2DBEBB000A63F8 /* Sources */,
				9B7F0ACA2A2DBEBB000A63F8 /* Frameworks */,
				9B7F0ACB2A2DBEBB000A63F8 /* Resources */,
			);
			buildRules = (
			);
			dependencies = (
				9B7F0ACF2A2DBEBB000A63F8 /* PBXTargetDependency */,
			);
			name = "Telegram Dynamic IslandUITests";
			productName = "Telegram Dynamic IslandUITests";
			productReference = 9B7F0ACD2A2DBEBB000A63F8 /* Telegram Dynamic IslandUITests.xctest */;
			productType = "com.apple.product-type.bundle.ui-testing";
		};
/* End PBXNativeTarget section */

/* Begin PBXProject section */
		9B7F0AAB2A2DBEBA000A63F8 /* Project object */ = {
			isa = PBXProject;
			attributes = {
				BuildIndependentTargetsInParallel = 1;
				LastSwiftUpdateCheck = 1430;
				LastUpgradeCheck = 1430;
				TargetAttributes = {
					9B7F0AB22A2DBEBA000A63F8 = {
						CreatedOnToolsVersion = 14.3.1;
					};
					9B7F0AC22A2DBEBB000A63F8 = {
						CreatedOnToolsVersion = 14.3.1;
						TestTargetID = 9B7F0AB22A2DBEBA000A63F8;
					};
					9B7F0ACC2A2DBEBB000A63F8 = {
						CreatedOnToolsVersion = 14.3.1;
						TestTargetID = 9B7F0AB22A2DBEBA000A63F8;
					};
				};
			};
			buildConfigurationList = 9B7F0AAE2A2DBEBA000A63F8 /* Build configuration list for PBXProject "Telegram Dynamic Island" */;
			compatibilityVersion = "Xcode 14.0";
			developmentRegion = en;
			hasScannedForEncodings = 0;
			knownRegions = (
				en,
				Base,
			);
			mainGroup = 9B7F0AAA2A2DBEBA000A63F8;
			productRefGroup = 9B7F0AB42A2DBEBA000A63F8 /* Products */;
			projectDirPath = "";
			projectRoot = "";
			targets = (
				9B7F0AB22A2DBEBA000A63F8 /* Telegram Dynamic Island */,
				9B7F0AC22A2DBEBB000A63F8 /* Telegram Dynamic IslandTests */,
				9B7F0ACC2A2DBEBB000A63F8 /* Telegram Dynamic IslandUITests */,
			);
		};
/* End PBXProject section */

/* Begin PBXResourcesBuildPhase section */
		9B7F0AB12A2DBEBA000A63F8 /* Resources */ = {
			isa = PBXResourcesBuildPhase;
			buildActionMask = 2147483647;
			files = (
				9B7F0ABE2A2DBEBB000A63F8 /* Preview Assets.xcassets in Resources */,
				9B7F0ABB2A2DBEBB000A63F8 /* Assets.xcassets in Resources */,
			);
			runOnlyForDeploymentPostprocessing = 0;
		};
		9B7F0AC12A2DBEBB000A63F8 /* Resources */ = {
			isa = PBXResourcesBuildPhase;
			buildActionMask = 2147483647;
			files = (
			);
			runOnlyForDeploymentPostprocessing = 0;
		};
		9B7F0ACB2A2DBEBB000A63F8 /* Resources */ = {
			isa = PBXResourcesBuildPhase;
			buildActionMask = 2147483647;
			files = (
			);
			runOnlyForDeploymentPostprocessing = 0;
		};
/* End PBXResourcesBuildPhase section */

/* Begin PBXSourcesBuildPhase section */
		9B7F0AAF2A2DBEBA000A63F8 /* Sources */ = {
			isa = PBXSourcesBuildPhase;
			buildActionMask = 2147483647;
			files = (
				9B7F0AB92A2DBEBA000A63F8 /* ContentView.swift in Sources */,
				9B7F0B292A2DE66D000A63F8 /* Colors.swift in Sources */,
				9B7F0AB72A2DBEBA000A63F8 /* Telegram_Dynamic_IslandApp.swift in Sources */,
				9B7F0AE42A2DC240000A63F8 /* Home.swift in Sources */,
				9B7F0AE62A2DC5DB000A63F8 /* AnchorKey.swift in Sources */,
				9B7F0AE22A2DC1D2000A63F8 /* OffsetHelper.swift in Sources */,
			);
			runOnlyForDeploymentPostprocessing = 0;
		};
		9B7F0ABF2A2DBEBB000A63F8 /* Sources */ = {
			isa = PBXSourcesBuildPhase;
			buildActionMask = 2147483647;
			files = (
				9B7F0AC82A2DBEBB000A63F8 /* Telegram_Dynamic_IslandTests.swift in Sources */,
			);
			runOnlyForDeploymentPostprocessing = 0;
		};
		9B7F0AC92A2DBEBB000A63F8 /* Sources */ = {
			isa = PBXSourcesBuildPhase;
			buildActionMask = 2147483647;
			files = (
				9B7F0AD42A2DBEBB000A63F8 /* Telegram_Dynamic_IslandUITestsLaunchTests.swift in Sources */,
				9B7F0AD22A2DBEBB000A63F8 /* Telegram_Dynamic_IslandUITests.swift in Sources */,
			);
			runOnlyForDeploymentPostprocessing = 0;
		};
/* End PBXSourcesBuildPhase section */

/* Begin PBXTargetDependency section */
		9B7F0AC52A2DBEBB000A63F8 /* PBXTargetDependency */ = {
			isa = PBXTargetDependency;
			target = 9B7F0AB22A2DBEBA000A63F8 /* Telegram Dynamic Island */;
			targetProxy = 9B7F0AC42A2DBEBB000A63F8 /* PBXContainerItemProxy */;
		};
		9B7F0ACF2A2DBEBB000A63F8 /* PBXTargetDependency */ = {
			isa = PBXTargetDependency;
			target = 9B7F0AB22A2DBEBA000A63F8 /* Telegram Dynamic Island */;
			targetProxy = 9B7F0ACE2A2DBEBB000A63F8 /* PBXContainerItemProxy */;
		};
/* End PBXTargetDependency section */

/* Begin XCBuildConfiguration section */
		9B7F0AD52A2DBEBB000A63F8 /* Debug */ = {
			isa = XCBuildConfiguration;
			buildSettings = {
				ALWAYS_SEARCH_USER_PATHS = NO;
				CLANG_ANALYZER_NONNULL = YES;
				CLANG_ANALYZER_NUMBER_OBJECT_CONVERSION = YES_AGGRESSIVE;
				CLANG_CXX_LANGUAGE_STANDARD = "gnu++20";
				CLANG_ENABLE_MODULES = YES;
				CLANG_ENABLE_OBJC_ARC = YES;
				CLANG_ENABLE_OBJC_WEAK = YES;
				CLANG_WARN_BLOCK_CAPTURE_AUTORELEASING = YES;
				CLANG_WARN_BOOL_CONVERSION = YES;
				CLANG_WARN_COMMA = YES;
				CLANG_WARN_CONSTANT_CONVERSION = YES;
				CLANG_WARN_DEPRECATED_OBJC_IMPLEMENTATIONS = YES;
				CLANG_WARN_DIRECT_OBJC_ISA_USAGE = YES_ERROR;
				CLANG_WARN_DOCUMENTATION_COMMENTS = YES;
				CLANG_WARN_EMPTY_BODY = YES;
				CLANG_WARN_ENUM_CONVERSION = YES;
				CLANG_WARN_INFINITE_RECURSION = YES;
				CLANG_WARN_INT_CONVERSION = YES;
				CLANG_WARN_NON_LITERAL_NULL_CONVERSION = YES;
				CLANG_WARN_OBJC_IMPLICIT_RETAIN_SELF = YES;
				CLANG_WARN_OBJC_LITERAL_CONVERSION = YES;
				CLANG_WARN_OBJC_ROOT_CLASS = YES_ERROR;
				CLANG_WARN_QUOTED_INCLUDE_IN_FRAMEWORK_HEADER = YES;
				CLANG_WARN_RANGE_LOOP_ANALYSIS = YES;
				CLANG_WARN_STRICT_PROTOTYPES = YES;
				CLANG_WARN_SUSPICIOUS_MOVE = YES;
				CLANG_WARN_UNGUARDED_AVAILABILITY = YES_AGGRESSIVE;
				CLANG_WARN_UNREACHABLE_CODE = YES;
				CLANG_WARN__DUPLICATE_METHOD_MATCH = YES;
				COPY_PHASE_STRIP = NO;
				DEBUG_INFORMATION_FORMAT = dwarf;
				ENABLE_STRICT_OBJC_MSGSEND = YES;
				ENABLE_TESTABILITY = YES;
				GCC_C_LANGUAGE_STANDARD = gnu11;
				GCC_DYNAMIC_NO_PIC = NO;
				GCC_NO_COMMON_BLOCKS = YES;
				GCC_OPTIMIZATION_LEVEL = 0;
				GCC_PREPROCESSOR_DEFINITIONS = (
					"DEBUG=1",
					"$(inherited)",
				);
				GCC_WARN_64_TO_32_BIT_CONVERSION = YES;
				GCC_WARN_ABOUT_RETURN_TYPE = YES_ERROR;
				GCC_WARN_UNDECLARED_SELECTOR = YES;
				GCC_WARN_UNINITIALIZED_AUTOS = YES_AGGRESSIVE;
				GCC_WARN_UNUSED_FUNCTION = YES;
				GCC_WARN_UNUSED_VARIABLE = YES;
				IPHONEOS_DEPLOYMENT_TARGET = 16.4;
				MTL_ENABLE_DEBUG_INFO = INCLUDE_SOURCE;
				MTL_FAST_MATH = YES;
				ONLY_ACTIVE_ARCH = YES;
				SDKROOT = iphoneos;
				SWIFT_ACTIVE_COMPILATION_CONDITIONS = DEBUG;
				SWIFT_OPTIMIZATION_LEVEL = "-Onone";
			};
			name = Debug;
		};
		9B7F0AD62A2DBEBB000A63F8 /* Release */ = {
			isa = XCBuildConfiguration;
			buildSettings = {
				ALWAYS_SEARCH_USER_PATHS = NO;
				CLANG_ANALYZER_NONNULL = YES;
				CLANG_ANALYZER_NUMBER_OBJECT_CONVERSION = YES_AGGRESSIVE;
				CLANG_CXX_LANGUAGE_STANDARD = "gnu++20";
				CLANG_ENABLE_MODULES = YES;
				CLANG_ENABLE_OBJC_ARC = YES;
				CLANG_ENABLE_OBJC_WEAK = YES;
				CLANG_WARN_BLOCK_CAPTURE_AUTORELEASING = YES;
				CLANG_WARN_BOOL_CONVERSION = YES;
				CLANG_WARN_COMMA = YES;
				CLANG_WARN_CONSTANT_CONVERSION = YES;
				CLANG_WARN_DEPRECATED_OBJC_IMPLEMENTATIONS = YES;
				CLANG_WARN_DIRECT_OBJC_ISA_USAGE = YES_ERROR;
				CLANG_WARN_DOCUMENTATION_COMMENTS = YES;
				CLANG_WARN_EMPTY_BODY = YES;
				CLANG_WARN_ENUM_CONVERSION = YES;
				CLANG_WARN_INFINITE_RECURSION = YES;
				CLANG_WARN_INT_CONVERSION = YES;
				CLANG_WARN_NON_LITERAL_NULL_CONVERSION = YES;
				CLANG_WARN_OBJC_IMPLICIT_RETAIN_SELF = YES;
				CLANG_WARN_OBJC_LITERAL_CONVERSION = YES;
				CLANG_WARN_OBJC_ROOT_CLASS = YES_ERROR;
				CLANG_WARN_QUOTED_INCLUDE_IN_FRAMEWORK_HEADER = YES;
				CLANG_WARN_RANGE_LOOP_ANALYSIS = YES;
				CLANG_WARN_STRICT_PROTOTYPES = YES;
				CLANG_WARN_SUSPICIOUS_MOVE = YES;
				CLANG_WARN_UNGUARDED_AVAILABILITY = YES_AGGRESSIVE;
				CLANG_WARN_UNREACHABLE_CODE = YES;
				CLANG_WARN__DUPLICATE_METHOD_MATCH = YES;
				COPY_PHASE_STRIP = NO;
				DEBUG_INFORMATION_FORMAT = "dwarf-with-dsym";
				ENABLE_NS_ASSERTIONS = NO;
				ENABLE_STRICT_OBJC_MSGSEND = YES;
				GCC_C_LANGUAGE_STANDARD = gnu11;
				GCC_NO_COMMON_BLOCKS = YES;
				GCC_WARN_64_TO_32_BIT_CONVERSION = YES;
				GCC_WARN_ABOUT_RETURN_TYPE = YES_ERROR;
				GCC_WARN_UNDECLARED_SELECTOR = YES;
				GCC_WARN_UNINITIALIZED_AUTOS = YES_AGGRESSIVE;
				GCC_WARN_UNUSED_FUNCTION = YES;
				GCC_WARN_UNUSED_VARIABLE = YES;
				IPHONEOS_DEPLOYMENT_TARGET = 16.4;
				MTL_ENABLE_DEBUG_INFO = NO;
				MTL_FAST_MATH = YES;
				SDKROOT = iphoneos;
				SWIFT_COMPILATION_MODE = wholemodule;
				SWIFT_OPTIMIZATION_LEVEL = "-O";
				VALIDATE_PRODUCT = YES;
			};
			name = Release;
		};
		9B7F0AD82A2DBEBB000A63F8 /* Debug */ = {
			isa = XCBuildConfiguration;
			buildSettings = {
				ASSETCATALOG_COMPILER_APPICON_NAME = AppIcon;
				ASSETCATALOG_COMPILER_GLOBAL_ACCENT_COLOR_NAME = AccentColor;
				CODE_SIGN_STYLE = Automatic;
				CURRENT_PROJECT_VERSION = 1;
				DEVELOPMENT_ASSET_PATHS = "\"Telegram Dynamic Island/Preview Content\"";
				DEVELOPMENT_TEAM = DJ68MJ27WY;
				ENABLE_PREVIEWS = YES;
				GENERATE_INFOPLIST_FILE = YES;
				INFOPLIST_KEY_UIApplicationSceneManifest_Generation = YES;
				INFOPLIST_KEY_UIApplicationSupportsIndirectInputEvents = YES;
				INFOPLIST_KEY_UILaunchScreen_Generation = YES;
				INFOPLIST_KEY_UISupportedInterfaceOrientations_iPad = "UIInterfaceOrientationPortrait UIInterfaceOrientationPortraitUpsideDown UIInterfaceOrientationLandscapeLeft UIInterfaceOrientationLandscapeRight";
				INFOPLIST_KEY_UISupportedInterfaceOrientations_iPhone = "UIInterfaceOrientationPortrait UIInterfaceOrientationLandscapeLeft UIInterfaceOrientationLandscapeRight";
				IPHONEOS_DEPLOYMENT_TARGET = 15.0;
				LD_RUNPATH_SEARCH_PATHS = (
					"$(inherited)",
					"@executable_path/Frameworks",
				);
				MARKETING_VERSION = 1.0;
				PRODUCT_BUNDLE_IDENTIFIER = "com.erif.Telegram-Dynamic-Island";
				PRODUCT_NAME = "$(TARGET_NAME)";
				SWIFT_EMIT_LOC_STRINGS = YES;
				SWIFT_VERSION = 5.0;
				TARGETED_DEVICE_FAMILY = "1,2";
			};
			name = Debug;
		};
		9B7F0AD92A2DBEBB000A63F8 /* Release */ = {
			isa = XCBuildConfiguration;
			buildSettings = {
				ASSETCATALOG_COMPILER_APPICON_NAME = AppIcon;
				ASSETCATALOG_COMPILER_GLOBAL_ACCENT_COLOR_NAME = AccentColor;
				CODE_SIGN_STYLE = Automatic;
				CURRENT_PROJECT_VERSION = 1;
				DEVELOPMENT_ASSET_PATHS = "\"Telegram Dynamic Island/Preview Content\"";
				DEVELOPMENT_TEAM = DJ68MJ27WY;
				ENABLE_PREVIEWS = YES;
				GENERATE_INFOPLIST_FILE = YES;
				INFOPLIST_KEY_UIApplicationSceneManifest_Generation = YES;
				INFOPLIST_KEY_UIApplicationSupportsIndirectInputEvents = YES;
				INFOPLIST_KEY_UILaunchScreen_Generation = YES;
				INFOPLIST_KEY_UISupportedInterfaceOrientations_iPad = "UIInterfaceOrientationPortrait UIInterfaceOrientationPortraitUpsideDown UIInterfaceOrientationLandscapeLeft UIInterfaceOrientationLandscapeRight";
				INFOPLIST_KEY_UISupportedInterfaceOrientations_iPhone = "UIInterfaceOrientationPortrait UIInterfaceOrientationLandscapeLeft UIInterfaceOrientationLandscapeRight";
				IPHONEOS_DEPLOYMENT_TARGET = 15.0;
				LD_RUNPATH_SEARCH_PATHS = (
					"$(inherited)",
					"@executable_path/Frameworks",
				);
				MARKETING_VERSION = 1.0;
				PRODUCT_BUNDLE_IDENTIFIER = "com.erif.Telegram-Dynamic-Island";
				PRODUCT_NAME = "$(TARGET_NAME)";
				SWIFT_EMIT_LOC_STRINGS = YES;
				SWIFT_VERSION = 5.0;
				TARGETED_DEVICE_FAMILY = "1,2";
			};
			name = Release;
		};
		9B7F0ADB2A2DBEBB000A63F8 /* Debug */ = {
			isa = XCBuildConfiguration;
			buildSettings = {
				ALWAYS_EMBED_SWIFT_STANDARD_LIBRARIES = YES;
				BUNDLE_LOADER = "$(TEST_HOST)";
				CODE_SIGN_STYLE = Automatic;
				CURRENT_PROJECT_VERSION = 1;
				DEVELOPMENT_TEAM = DJ68MJ27WY;
				GENERATE_INFOPLIST_FILE = YES;
				IPHONEOS_DEPLOYMENT_TARGET = 16.4;
				MARKETING_VERSION = 1.0;
				PRODUCT_BUNDLE_IDENTIFIER = "com.erif.Telegram-Dynamic-IslandTests";
				PRODUCT_NAME = "$(TARGET_NAME)";
				SWIFT_EMIT_LOC_STRINGS = NO;
				SWIFT_VERSION = 5.0;
				TARGETED_DEVICE_FAMILY = "1,2";
				TEST_HOST = "$(BUILT_PRODUCTS_DIR)/Telegram Dynamic Island.app/$(BUNDLE_EXECUTABLE_FOLDER_PATH)/Telegram Dynamic Island";
			};
			name = Debug;
		};
		9B7F0ADC2A2DBEBB000A63F8 /* Release */ = {
			isa = XCBuildConfiguration;
			buildSettings = {
				ALWAYS_EMBED_SWIFT_STANDARD_LIBRARIES = YES;
				BUNDLE_LOADER = "$(TEST_HOST)";
				CODE_SIGN_STYLE = Automatic;
				CURRENT_PROJECT_VERSION = 1;
				DEVELOPMENT_TEAM = DJ68MJ27WY;
				GENERATE_INFOPLIST_FILE = YES;
				IPHONEOS_DEPLOYMENT_TARGET = 16.4;
				MARKETING_VERSION = 1.0;
				PRODUCT_BUNDLE_IDENTIFIER = "com.erif.Telegram-Dynamic-IslandTests";
				PRODUCT_NAME = "$(TARGET_NAME)";
				SWIFT_EMIT_LOC_STRINGS = NO;
				SWIFT_VERSION = 5.0;
				TARGETED_DEVICE_FAMILY = "1,2";
				TEST_HOST = "$(BUILT_PRODUCTS_DIR)/Telegram Dynamic Island.app/$(BUNDLE_EXECUTABLE_FOLDER_PATH)/Telegram Dynamic Island";
			};
			name = Release;
		};
		9B7F0ADE2A2DBEBB000A63F8 /* Debug */ = {
			isa = XCBuildConfiguration;
			buildSettings = {
				ALWAYS_EMBED_SWIFT_STANDARD_LIBRARIES = YES;
				CODE_SIGN_STYLE = Automatic;
				CURRENT_PROJECT_VERSION = 1;
				DEVELOPMENT_TEAM = DJ68MJ27WY;
				GENERATE_INFOPLIST_FILE = YES;
				MARKETING_VERSION = 1.0;
				PRODUCT_BUNDLE_IDENTIFIER = "com.erif.Telegram-Dynamic-IslandUITests";
				PRODUCT_NAME = "$(TARGET_NAME)";
				SWIFT_EMIT_LOC_STRINGS = NO;
				SWIFT_VERSION = 5.0;
				TARGETED_DEVICE_FAMILY = "1,2";
				TEST_TARGET_NAME = "Telegram Dynamic Island";
			};
			name = Debug;
		};
		9B7F0ADF2A2DBEBB000A63F8 /* Release */ = {
			isa = XCBuildConfiguration;
			buildSettings = {
				ALWAYS_EMBED_SWIFT_STANDARD_LIBRARIES = YES;
				CODE_SIGN_STYLE = Automatic;
				CURRENT_PROJECT_VERSION = 1;
				DEVELOPMENT_TEAM = DJ68MJ27WY;
				GENERATE_INFOPLIST_FILE = YES;
				MARKETING_VERSION = 1.0;
				PRODUCT_BUNDLE_IDENTIFIER = "com.erif.Telegram-Dynamic-IslandUITests";
				PRODUCT_NAME = "$(TARGET_NAME)";
				SWIFT_EMIT_LOC_STRINGS = NO;
				SWIFT_VERSION = 5.0;
				TARGETED_DEVICE_FAMILY = "1,2";
				TEST_TARGET_NAME = "Telegram Dynamic Island";
			};
			name = Release;
		};
/* End XCBuildConfiguration section */

/* Begin XCConfigurationList section */
		9B7F0AAE2A2DBEBA000A63F8 /* Build configuration list for PBXProject "Telegram Dynamic Island" */ = {
			isa = XCConfigurationList;
			buildConfigurations = (
				9B7F0AD52A2DBEBB000A63F8 /* Debug */,
				9B7F0AD62A2DBEBB000A63F8 /* Release */,
			);
			defaultConfigurationIsVisible = 0;
			defaultConfigurationName = Release;
		};
		9B7F0AD72A2DBEBB000A63F8 /* Build configuration list for PBXNativeTarget "Telegram Dynamic Island" */ = {
			isa = XCConfigurationList;
			buildConfigurations = (
				9B7F0AD82A2DBEBB000A63F8 /* Debug */,
				9B7F0AD92A2DBEBB000A63F8 /* Release */,
			);
			defaultConfigurationIsVisible = 0;
			defaultConfigurationName = Release;
		};
		9B7F0ADA2A2DBEBB000A63F8 /* Build configuration list for PBXNativeTarget "Telegram Dynamic IslandTests" */ = {
			isa = XCConfigurationList;
			buildConfigurations = (
				9B7F0ADB2A2DBEBB000A63F8 /* Debug */,
				9B7F0ADC2A2DBEBB000A63F8 /* Release */,
			);
			defaultConfigurationIsVisible = 0;
			defaultConfigurationName = Release;
		};
		9B7F0ADD2A2DBEBB000A63F8 /* Build configuration list for PBXNativeTarget "Telegram Dynamic IslandUITests" */ = {
			isa = XCConfigurationList;
			buildConfigurations = (
				9B7F0ADE2A2DBEBB000A63F8 /* Debug */,
				9B7F0ADF2A2DBEBB000A63F8 /* Release */,
			);
			defaultConfigurationIsVisible = 0;
			defaultConfigurationName = Release;
		};
/* End XCConfigurationList section */
	};
	rootObject = 9B7F0AAB2A2DBEBA000A63F8 /* Project object */;
}
